
Microsoft Visual Studio Solution File, Format Version 12.00
# Visual Studio 15
VisualStudioVersion = 15.0.27703.2042
MinimumVisualStudioVersion = 10.0.40219.1
Project("{9A19103F-16F7-4668-BE54-9A1E7A4F7556}") = "GameSuite", "My WOF\GameSuite.csproj", "{7B3F7E71-5B10-43DC-BD1D-1EC7D8E210ED}"
EndProject
Global
	GlobalSection(SolutionConfigurationPlatforms) = preSolution
		Debug|Any CPU = Debug|Any CPU
		Release|Any CPU = Release|Any CPU
	EndGlobalSection
	GlobalSection(ProjectConfigurationPlatforms) = postSolution
		{7B3F7E71-5B10-43DC-BD1D-1EC7D8E210ED}.Debug|Any CPU.ActiveCfg = Debug|Any CPU
		{7B3F7E71-5B10-43DC-BD1D-1EC7D8E210ED}.Debug|Any CPU.Build.0 = Debug|Any CPU
		{7B3F7E71-5B10-43DC-BD1D-1EC7D8E210ED}.Release|Any CPU.ActiveCfg = Release|Any CPU
		{7B3F7E71-5B10-43DC-BD1D-1EC7D8E210ED}.Release|Any CPU.Build.0 = Release|Any CPU
	EndGlobalSection
	GlobalSection(SolutionProperties) = preSolution
		HideSolutionNode = FALSE
	EndGlobalSection
	GlobalSection(ExtensibilityGlobals) = postSolution
		SolutionGuid = {5A46D442-643D-4FE2-AB49-05E5CC3873D1}
	EndGlobalSection
EndGlobal
